
Microsoft Visual Studio Solution File, Format Version 12.00
# Visual Studio 14
VisualStudioVersion = 14.0.25420.1
MinimumVisualStudioVersion = 10.0.40219.1
Project("{FAE04EC0-301F-11D3-BF4B-00C04F79EFBC}") = "Lineika", "Lineika\Lineika.csproj", "{228ABEC3-EB3F-44F2-A52C-75B10EDC71EE}"
EndProject
Project("{FAE04EC0-301F-11D3-BF4B-00C04F79EFBC}") = "Tests", "InputSymbol\Tests.csproj", "{24EABC0B-04B3-4043-ADC1-2DEBAD065A16}"
EndProject
Global
	GlobalSection(SolutionConfigurationPlatforms) = preSolution
		Debug|Any CPU = Debug|Any CPU
		Release|Any CPU = Release|Any CPU
	EndGlobalSection
	GlobalSection(ProjectConfigurationPlatforms) = postSolution
		{228ABEC3-EB3F-44F2-A52C-75B10EDC71EE}.Debug|Any CPU.ActiveCfg = Debug|Any CPU
		{228ABEC3-EB3F-44F2-A52C-75B10EDC71EE}.Debug|Any CPU.Build.0 = Debug|Any CPU
		{228ABEC3-EB3F-44F2-A52C-75B10EDC71EE}.Release|Any CPU.ActiveCfg = Release|Any CPU
		{228ABEC3-EB3F-44F2-A52C-75B10EDC71EE}.Release|Any CPU.Build.0 = Release|Any CPU
		{24EABC0B-04B3-4043-ADC1-2DEBAD065A16}.Debug|Any CPU.ActiveCfg = Debug|Any CPU
		{24EABC0B-04B3-4043-ADC1-2DEBAD065A16}.Debug|Any CPU.Build.0 = Debug|Any CPU
		{24EABC0B-04B3-4043-ADC1-2DEBAD065A16}.Release|Any CPU.ActiveCfg = Release|Any CPU
		{24EABC0B-04B3-4043-ADC1-2DEBAD065A16}.Release|Any CPU.Build.0 = Release|Any CPU
	EndGlobalSection
	GlobalSection(SolutionProperties) = preSolution
		HideSolutionNode = FALSE
	EndGlobalSection
EndGlobal
